
Microsoft Visual Studio Solution File, Format Version 12.00
# Visual Studio Version 17
VisualStudioVersion = 17.6.33829.357
MinimumVisualStudioVersion = 10.0.40219.1
Project("{FAE04EC0-301F-11D3-BF4B-00C04F79EFBC}") = "DataTables", "src\JQuery\DataTables\DataTables.csproj", "{F54D4DB7-F91F-4B14-A9A8-A0D2C0B1B41F}"
EndProject
Global
	GlobalSection(SolutionConfigurationPlatforms) = preSolution
		Debug|Any CPU = Debug|Any CPU
		Release|Any CPU = Release|Any CPU
	EndGlobalSection
	GlobalSection(ProjectConfigurationPlatforms) = postSolution
		{F54D4DB7-F91F-4B14-A9A8-A0D2C0B1B41F}.Debug|Any CPU.ActiveCfg = Debug|Any CPU
		{F54D4DB7-F91F-4B14-A9A8-A0D2C0B1B41F}.Debug|Any CPU.Build.0 = Debug|Any CPU
		{F54D4DB7-F91F-4B14-A9A8-A0D2C0B1B41F}.Release|Any CPU.ActiveCfg = Release|Any CPU
		{F54D4DB7-F91F-4B14-A9A8-A0D2C0B1B41F}.Release|Any CPU.Build.0 = Release|Any CPU
	EndGlobalSection
	GlobalSection(SolutionProperties) = preSolution
		HideSolutionNode = FALSE
	EndGlobalSection
	GlobalSection(ExtensibilityGlobals) = postSolution
		SolutionGuid = {74A532E5-1DD0-4640-B20D-3FDA47DD24A5}
	EndGlobalSection
EndGlobal
