
Microsoft Visual Studio Solution File, Format Version 12.00
# Visual Studio Version 17
VisualStudioVersion = 17.6.33829.357
MinimumVisualStudioVersion = 10.0.40219.1
Project("{2150E333-8FDC-42A3-9474-1A3956D46DE8}") = "src", "src", "{5DA151E2-15F7-44BA-97B4-E048F6B7F2E7}"
EndProject
Project("{2150E333-8FDC-42A3-9474-1A3956D46DE8}") = "JQuery", "JQuery", "{9E0812E9-42D1-4A58-93F3-3481E048FD57}"
EndProject
Project("{2150E333-8FDC-42A3-9474-1A3956D46DE8}") = "Solution Items", "Solution Items", "{D7E53458-75E2-42EB-89F7-77700DC48EB5}"
	ProjectSection(SolutionItems) = preProject
		global.json = global.json
		LICENSE = LICENSE
		README.md = README.md
	EndProjectSection
EndProject
Project("{2150E333-8FDC-42A3-9474-1A3956D46DE8}") = "test", "test", "{B146DA89-71FF-47F4-B47E-8CCE1341E963}"
EndProject
Project("{2150E333-8FDC-42A3-9474-1A3956D46DE8}") = "JQuery", "JQuery", "{D6FF397B-9B09-4C27-B029-85679EAACF92}"
EndProject
Project("{2150E333-8FDC-42A3-9474-1A3956D46DE8}") = "DataTables", "DataTables", "{E6DC2465-AA60-4B33-A3F4-9AFBAD3F7EF8}"
	ProjectSection(SolutionItems) = preProject
		doc\JQuery\DataTables\DATATABLES.md = doc\JQuery\DataTables\DATATABLES.md
	EndProjectSection
EndProject
Project("{9A19103F-16F7-4668-BE54-9A1E7A4F7556}") = "DataTables", "src\JQuery\DataTables\DataTables.csproj", "{DC4EB75B-2984-42E6-B51B-5E94FEA42EA6}"
EndProject
Project("{2150E333-8FDC-42A3-9474-1A3956D46DE8}") = "Blazor", "Blazor", "{53774BCD-8095-4AE5-8707-6D52E4CD4F94}"
EndProject
Project("{2150E333-8FDC-42A3-9474-1A3956D46DE8}") = "Components", "Components", "{DC3CB7D0-B2E6-4ED8-88D7-1E468BC27FA5}"
	ProjectSection(SolutionItems) = preProject
		COMPONETS.md = COMPONETS.md
	EndProjectSection
EndProject
Project("{2150E333-8FDC-42A3-9474-1A3956D46DE8}") = "Blazor", "Blazor", "{7BF4BE0C-0FCD-48EC-B806-8FF03FE21901}"
EndProject
Project("{FAE04EC0-301F-11D3-BF4B-00C04F79EFBC}") = "Components", "src\Blazor\Components\Components.csproj", "{764771EF-2976-472A-9B0A-1163DC32BDD9}"
EndProject
Global
	GlobalSection(SolutionConfigurationPlatforms) = preSolution
		Debug|Any CPU = Debug|Any CPU
		Release|Any CPU = Release|Any CPU
	EndGlobalSection
	GlobalSection(ProjectConfigurationPlatforms) = postSolution
		{DC4EB75B-2984-42E6-B51B-5E94FEA42EA6}.Debug|Any CPU.ActiveCfg = Debug|Any CPU
		{DC4EB75B-2984-42E6-B51B-5E94FEA42EA6}.Debug|Any CPU.Build.0 = Debug|Any CPU
		{DC4EB75B-2984-42E6-B51B-5E94FEA42EA6}.Release|Any CPU.ActiveCfg = Release|Any CPU
		{DC4EB75B-2984-42E6-B51B-5E94FEA42EA6}.Release|Any CPU.Build.0 = Release|Any CPU
		{764771EF-2976-472A-9B0A-1163DC32BDD9}.Debug|Any CPU.ActiveCfg = Debug|Any CPU
		{764771EF-2976-472A-9B0A-1163DC32BDD9}.Debug|Any CPU.Build.0 = Debug|Any CPU
		{764771EF-2976-472A-9B0A-1163DC32BDD9}.Release|Any CPU.ActiveCfg = Release|Any CPU
		{764771EF-2976-472A-9B0A-1163DC32BDD9}.Release|Any CPU.Build.0 = Release|Any CPU
	EndGlobalSection
	GlobalSection(SolutionProperties) = preSolution
		HideSolutionNode = FALSE
	EndGlobalSection
	GlobalSection(NestedProjects) = preSolution
		{9E0812E9-42D1-4A58-93F3-3481E048FD57} = {5DA151E2-15F7-44BA-97B4-E048F6B7F2E7}
		{D6FF397B-9B09-4C27-B029-85679EAACF92} = {D7E53458-75E2-42EB-89F7-77700DC48EB5}
		{E6DC2465-AA60-4B33-A3F4-9AFBAD3F7EF8} = {D6FF397B-9B09-4C27-B029-85679EAACF92}
		{DC4EB75B-2984-42E6-B51B-5E94FEA42EA6} = {9E0812E9-42D1-4A58-93F3-3481E048FD57}
		{53774BCD-8095-4AE5-8707-6D52E4CD4F94} = {D7E53458-75E2-42EB-89F7-77700DC48EB5}
		{DC3CB7D0-B2E6-4ED8-88D7-1E468BC27FA5} = {53774BCD-8095-4AE5-8707-6D52E4CD4F94}
		{7BF4BE0C-0FCD-48EC-B806-8FF03FE21901} = {5DA151E2-15F7-44BA-97B4-E048F6B7F2E7}
		{764771EF-2976-472A-9B0A-1163DC32BDD9} = {7BF4BE0C-0FCD-48EC-B806-8FF03FE21901}
	EndGlobalSection
	GlobalSection(ExtensibilityGlobals) = postSolution
		SolutionGuid = {74A532E5-1DD0-4640-B20D-3FDA47DD24A5}
	EndGlobalSection
EndGlobal
